
Microsoft Visual Studio Solution File, Format Version 12.00
# Visual Studio 15
Project("{F2A71F9B-5D33-465A-A702-920D77279786}") = "jhk2217", "jhk2217.fsproj", "{A05067EC-F8B8-422E-A9E9-68935BAA7A06}"
EndProject
Global
	GlobalSection(SolutionConfigurationPlatforms) = preSolution
		Debug|Any CPU = Debug|Any CPU
		Release|Any CPU = Release|Any CPU
	EndGlobalSection
	GlobalSection(ProjectConfigurationPlatforms) = postSolution
		{A05067EC-F8B8-422E-A9E9-68935BAA7A06}.Debug|Any CPU.ActiveCfg = Debug|Any CPU
		{A05067EC-F8B8-422E-A9E9-68935BAA7A06}.Debug|Any CPU.Build.0 = Debug|Any CPU
		{A05067EC-F8B8-422E-A9E9-68935BAA7A06}.Release|Any CPU.ActiveCfg = Release|Any CPU
		{A05067EC-F8B8-422E-A9E9-68935BAA7A06}.Release|Any CPU.Build.0 = Release|Any CPU
	EndGlobalSection
EndGlobal
