
Microsoft Visual Studio Solution File, Format Version 12.00
Project("{F2A71F9B-5D33-465A-A702-920D77279786}") = "ac7117", "ac7117\ac7117.fsproj", "{8F9E793E-C760-471C-BA14-138B93FD4142}"
EndProject
Global
	GlobalSection(SolutionConfigurationPlatforms) = preSolution
		Debug|Any CPU = Debug|Any CPU
		Release|Any CPU = Release|Any CPU
	EndGlobalSection
	GlobalSection(ProjectConfigurationPlatforms) = postSolution
		{8F9E793E-C760-471C-BA14-138B93FD4142}.Debug|Any CPU.ActiveCfg = Debug|Any CPU
		{8F9E793E-C760-471C-BA14-138B93FD4142}.Debug|Any CPU.Build.0 = Debug|Any CPU
		{8F9E793E-C760-471C-BA14-138B93FD4142}.Release|Any CPU.ActiveCfg = Release|Any CPU
		{8F9E793E-C760-471C-BA14-138B93FD4142}.Release|Any CPU.Build.0 = Release|Any CPU
	EndGlobalSection
EndGlobal
